
Microsoft Visual Studio Solution File, Format Version 12.00
# Visual Studio Version 16
VisualStudioVersion = 16.0.30517.126
MinimumVisualStudioVersion = 10.0.40219.1
Project("{FAE04EC0-301F-11D3-BF4B-00C04F79EFBC}") = "Gestionex", "Gestionex.csproj", "{C208E9DD-962E-4466-83F9-63F21EC4E633}"
EndProject
Global
	GlobalSection(SolutionConfigurationPlatforms) = preSolution
		Debug|Any CPU = Debug|Any CPU
		Release|Any CPU = Release|Any CPU
	EndGlobalSection
	GlobalSection(ProjectConfigurationPlatforms) = postSolution
		{C208E9DD-962E-4466-83F9-63F21EC4E633}.Debug|Any CPU.ActiveCfg = Debug|Any CPU
		{C208E9DD-962E-4466-83F9-63F21EC4E633}.Debug|Any CPU.Build.0 = Debug|Any CPU
		{C208E9DD-962E-4466-83F9-63F21EC4E633}.Release|Any CPU.ActiveCfg = Release|Any CPU
		{C208E9DD-962E-4466-83F9-63F21EC4E633}.Release|Any CPU.Build.0 = Release|Any CPU
	EndGlobalSection
	GlobalSection(SolutionProperties) = preSolution
		HideSolutionNode = FALSE
	EndGlobalSection
	GlobalSection(ExtensibilityGlobals) = postSolution
		SolutionGuid = {34C0519F-154F-4946-955D-CB908B1A4EC8}
	EndGlobalSection
EndGlobal
